
Microsoft Visual Studio Solution File, Format Version 12.00
# Visual Studio Version 17
VisualStudioVersion = 17.5.33530.505
MinimumVisualStudioVersion = 10.0.40219.1
Project("{FAE04EC0-301F-11D3-BF4B-00C04F79EFBC}") = "ProductosPrueba", "ProductosPrueba\ProductosPrueba.csproj", "{B35C1171-6A5A-41B4-ADCF-B1F6179F9734}"
EndProject
Global
	GlobalSection(SolutionConfigurationPlatforms) = preSolution
		Debug|Any CPU = Debug|Any CPU
		Release|Any CPU = Release|Any CPU
	EndGlobalSection
	GlobalSection(ProjectConfigurationPlatforms) = postSolution
		{B35C1171-6A5A-41B4-ADCF-B1F6179F9734}.Debug|Any CPU.ActiveCfg = Debug|Any CPU
		{B35C1171-6A5A-41B4-ADCF-B1F6179F9734}.Debug|Any CPU.Build.0 = Debug|Any CPU
		{B35C1171-6A5A-41B4-ADCF-B1F6179F9734}.Release|Any CPU.ActiveCfg = Release|Any CPU
		{B35C1171-6A5A-41B4-ADCF-B1F6179F9734}.Release|Any CPU.Build.0 = Release|Any CPU
	EndGlobalSection
	GlobalSection(SolutionProperties) = preSolution
		HideSolutionNode = FALSE
	EndGlobalSection
	GlobalSection(ExtensibilityGlobals) = postSolution
		SolutionGuid = {09373087-09AF-43E6-AD1A-E32E7E4005F2}
	EndGlobalSection
EndGlobal
